
Microsoft Visual Studio Solution File, Format Version 12.00
# Visual Studio 15
VisualStudioVersion = 15.0.28307.645
MinimumVisualStudioVersion = 10.0.40219.1
Project("{FAE04EC0-301F-11D3-BF4B-00C04F79EFBC}") = "AirportPrj", "AirportPrj\AirportPrj.csproj", "{ACB750F9-41CC-46E9-8166-2C3F63D51A8E}"
EndProject
Global
	GlobalSection(SolutionConfigurationPlatforms) = preSolution
		Debug|Any CPU = Debug|Any CPU
		Release|Any CPU = Release|Any CPU
	EndGlobalSection
	GlobalSection(ProjectConfigurationPlatforms) = postSolution
		{ACB750F9-41CC-46E9-8166-2C3F63D51A8E}.Debug|Any CPU.ActiveCfg = Debug|Any CPU
		{ACB750F9-41CC-46E9-8166-2C3F63D51A8E}.Debug|Any CPU.Build.0 = Debug|Any CPU
		{ACB750F9-41CC-46E9-8166-2C3F63D51A8E}.Release|Any CPU.ActiveCfg = Release|Any CPU
		{ACB750F9-41CC-46E9-8166-2C3F63D51A8E}.Release|Any CPU.Build.0 = Release|Any CPU
	EndGlobalSection
	GlobalSection(SolutionProperties) = preSolution
		HideSolutionNode = FALSE
	EndGlobalSection
	GlobalSection(ExtensibilityGlobals) = postSolution
		SolutionGuid = {BA43FDF1-AC86-4273-95CA-C7C10617BD6F}
	EndGlobalSection
EndGlobal
